
Microsoft Visual Studio Solution File, Format Version 12.00
# Visual Studio 2013
VisualStudioVersion = 12.0.21005.1
MinimumVisualStudioVersion = 10.0.40219.1
Project("{FAE04EC0-301F-11D3-BF4B-00C04F79EFBC}") = "AstroAzure", "AstroAzure\AstroAzure.csproj", "{7CCD719A-C4A9-4938-BA7E-CA54999AF1FB}"
EndProject
Project("{CC5FD16D-436D-48AD-A40C-5A424C6E3E79}") = "AstroAzure.Azure", "AstroAzure.Azure\AstroAzure.Azure.ccproj", "{038700F9-124F-4A70-926F-E076878EAF9E}"
EndProject
Global
	GlobalSection(SolutionConfigurationPlatforms) = preSolution
		Debug|Any CPU = Debug|Any CPU
		Release|Any CPU = Release|Any CPU
	EndGlobalSection
	GlobalSection(ProjectConfigurationPlatforms) = postSolution
		{7CCD719A-C4A9-4938-BA7E-CA54999AF1FB}.Debug|Any CPU.ActiveCfg = Debug|Any CPU
		{7CCD719A-C4A9-4938-BA7E-CA54999AF1FB}.Debug|Any CPU.Build.0 = Debug|Any CPU
		{7CCD719A-C4A9-4938-BA7E-CA54999AF1FB}.Release|Any CPU.ActiveCfg = Release|Any CPU
		{7CCD719A-C4A9-4938-BA7E-CA54999AF1FB}.Release|Any CPU.Build.0 = Release|Any CPU
		{038700F9-124F-4A70-926F-E076878EAF9E}.Debug|Any CPU.ActiveCfg = Debug|Any CPU
		{038700F9-124F-4A70-926F-E076878EAF9E}.Debug|Any CPU.Build.0 = Debug|Any CPU
		{038700F9-124F-4A70-926F-E076878EAF9E}.Release|Any CPU.ActiveCfg = Release|Any CPU
		{038700F9-124F-4A70-926F-E076878EAF9E}.Release|Any CPU.Build.0 = Release|Any CPU
	EndGlobalSection
	GlobalSection(SolutionProperties) = preSolution
		HideSolutionNode = FALSE
	EndGlobalSection
EndGlobal
